
Microsoft Visual Studio Solution File, Format Version 12.00
# Visual Studio Version 16
VisualStudioVersion = 16.0.810.21
MinimumVisualStudioVersion = 10.0.40219.1
Project("{FAE04EC0-301F-11D3-BF4B-00C04F79EFBC}") = "Learn", "Learn\Learn.csproj", "{AF00A0DE-5966-4190-9C85-716A62C41A4B}"
EndProject
Global
	GlobalSection(SolutionConfigurationPlatforms) = preSolution
		Debug|Any CPU = Debug|Any CPU
		Release|Any CPU = Release|Any CPU
	EndGlobalSection
	GlobalSection(ProjectConfigurationPlatforms) = postSolution
		{AF00A0DE-5966-4190-9C85-716A62C41A4B}.Debug|Any CPU.ActiveCfg = Debug|Any CPU
		{AF00A0DE-5966-4190-9C85-716A62C41A4B}.Debug|Any CPU.Build.0 = Debug|Any CPU
		{AF00A0DE-5966-4190-9C85-716A62C41A4B}.Release|Any CPU.ActiveCfg = Release|Any CPU
		{AF00A0DE-5966-4190-9C85-716A62C41A4B}.Release|Any CPU.Build.0 = Release|Any CPU
	EndGlobalSection
	GlobalSection(SolutionProperties) = preSolution
		HideSolutionNode = FALSE
	EndGlobalSection
	GlobalSection(ExtensibilityGlobals) = postSolution
		SolutionGuid = {5D646A2A-68A4-4892-B843-3AAF43B2C335}
	EndGlobalSection
EndGlobal
